
Microsoft Visual Studio Solution File, Format Version 12.00
# Visual Studio Version 17
VisualStudioVersion = 17.9.34728.123
MinimumVisualStudioVersion = 10.0.40219.1
Project("{9A19103F-16F7-4668-BE54-9A1E7A4F7556}") = "DemoMAUIApplication", "DemoMAUIApplication\DemoMAUIApplication.csproj", "{21649F1F-4448-4365-BFC7-A5153FFE0DCA}"
EndProject
Global
	GlobalSection(SolutionConfigurationPlatforms) = preSolution
		Debug|Any CPU = Debug|Any CPU
		Release|Any CPU = Release|Any CPU
	EndGlobalSection
	GlobalSection(ProjectConfigurationPlatforms) = postSolution
		{21649F1F-4448-4365-BFC7-A5153FFE0DCA}.Debug|Any CPU.ActiveCfg = Debug|Any CPU
		{21649F1F-4448-4365-BFC7-A5153FFE0DCA}.Debug|Any CPU.Build.0 = Debug|Any CPU
		{21649F1F-4448-4365-BFC7-A5153FFE0DCA}.Debug|Any CPU.Deploy.0 = Debug|Any CPU
		{21649F1F-4448-4365-BFC7-A5153FFE0DCA}.Release|Any CPU.ActiveCfg = Release|Any CPU
		{21649F1F-4448-4365-BFC7-A5153FFE0DCA}.Release|Any CPU.Build.0 = Release|Any CPU
		{21649F1F-4448-4365-BFC7-A5153FFE0DCA}.Release|Any CPU.Deploy.0 = Release|Any CPU
	EndGlobalSection
	GlobalSection(SolutionProperties) = preSolution
		HideSolutionNode = FALSE
	EndGlobalSection
	GlobalSection(ExtensibilityGlobals) = postSolution
		SolutionGuid = {D68BC08A-EF35-4E86-9A25-DC4EEAC88304}
	EndGlobalSection
EndGlobal
